
Microsoft Visual Studio Solution File, Format Version 12.00
# Visual Studio Version 17
VisualStudioVersion = 17.6.33723.286
MinimumVisualStudioVersion = 10.0.40219.1
Project("{FAE04EC0-301F-11D3-BF4B-00C04F79EFBC}") = "Test", "Test\Test.csproj", "{45808641-F0B6-401D-AEBA-039E64285CFF}"
EndProject
Global
	GlobalSection(SolutionConfigurationPlatforms) = preSolution
		Debug|Any CPU = Debug|Any CPU
		Release|Any CPU = Release|Any CPU
	EndGlobalSection
	GlobalSection(ProjectConfigurationPlatforms) = postSolution
		{45808641-F0B6-401D-AEBA-039E64285CFF}.Debug|Any CPU.ActiveCfg = Debug|Any CPU
		{45808641-F0B6-401D-AEBA-039E64285CFF}.Debug|Any CPU.Build.0 = Debug|Any CPU
		{45808641-F0B6-401D-AEBA-039E64285CFF}.Release|Any CPU.ActiveCfg = Release|Any CPU
		{45808641-F0B6-401D-AEBA-039E64285CFF}.Release|Any CPU.Build.0 = Release|Any CPU
	EndGlobalSection
	GlobalSection(SolutionProperties) = preSolution
		HideSolutionNode = FALSE
	EndGlobalSection
	GlobalSection(ExtensibilityGlobals) = postSolution
		SolutionGuid = {EFBD41EF-D5E2-4334-B165-F9375DD0F3A2}
	EndGlobalSection
EndGlobal
